
Microsoft Visual Studio Solution File, Format Version 12.00
# Visual Studio Version 17
VisualStudioVersion = 17.0.31912.275
MinimumVisualStudioVersion = 10.0.40219.1
Project("{9A19103F-16F7-4668-BE54-9A1E7A4F7556}") = "Verification", "Verification\Verification.csproj", "{BF6A7F92-51C3-460C-9F3D-3798D45FD99C}"
EndProject
Project("{FAE04EC0-301F-11D3-BF4B-00C04F79EFBC}") = "VerificationTest", "VerificationTest\VerificationTest.csproj", "{38686A43-291D-4927-9D84-FE3DA199175A}"
EndProject
Global
	GlobalSection(SolutionConfigurationPlatforms) = preSolution
		Debug|Any CPU = Debug|Any CPU
		Release|Any CPU = Release|Any CPU
	EndGlobalSection
	GlobalSection(ProjectConfigurationPlatforms) = postSolution
		{BF6A7F92-51C3-460C-9F3D-3798D45FD99C}.Debug|Any CPU.ActiveCfg = Debug|Any CPU
		{BF6A7F92-51C3-460C-9F3D-3798D45FD99C}.Debug|Any CPU.Build.0 = Debug|Any CPU
		{BF6A7F92-51C3-460C-9F3D-3798D45FD99C}.Release|Any CPU.ActiveCfg = Release|Any CPU
		{BF6A7F92-51C3-460C-9F3D-3798D45FD99C}.Release|Any CPU.Build.0 = Release|Any CPU
		{38686A43-291D-4927-9D84-FE3DA199175A}.Debug|Any CPU.ActiveCfg = Debug|Any CPU
		{38686A43-291D-4927-9D84-FE3DA199175A}.Debug|Any CPU.Build.0 = Debug|Any CPU
		{38686A43-291D-4927-9D84-FE3DA199175A}.Release|Any CPU.ActiveCfg = Release|Any CPU
		{38686A43-291D-4927-9D84-FE3DA199175A}.Release|Any CPU.Build.0 = Release|Any CPU
	EndGlobalSection
	GlobalSection(SolutionProperties) = preSolution
		HideSolutionNode = FALSE
	EndGlobalSection
	GlobalSection(ExtensibilityGlobals) = postSolution
		SolutionGuid = {612AEC68-B60E-46E7-9E3B-CA16294EE51E}
	EndGlobalSection
EndGlobal
